# THIS IS AN AUTOGENERATED FILE. DO NOT EDIT THIS FILE DIRECTLY.
# yarn lockfile v1


"@alloc/quick-lru@^5.2.0":
  "integrity" "sha512-UrcABB+4bUrFABwbluTIBErXwvbsU/V7TZWfmbgJfbkwiBuziS9gxdODUyuiecfdGQ85jglMW6juS3+z5TsKLw=="
  "resolved" "https://registry.npmjs.org/@alloc/quick-lru/-/quick-lru-5.2.0.tgz"
  "version" "5.2.0"

"@jridgewell/gen-mapping@^0.3.5":
  "integrity" "sha512-2kkt/7niJ6MgEPxF0bYdQ6etZaA+fQvDcLKckhy1yIQOzaoKjBBjSj63/aLVjYE3qhRt5dvM+uUyfCg6UKCBbA=="
  "resolved" "https://registry.npmjs.org/@jridgewell/gen-mapping/-/gen-mapping-0.3.13.tgz"
  "version" "0.3.13"
  dependencies:
    "@jridgewell/sourcemap-codec" "^1.5.0"
    "@jridgewell/trace-mapping" "^0.3.24"

"@jridgewell/remapping@^2.3.4":
  "integrity" "sha512-LI9u/+laYG4Ds1TDKSJW2YPrIlcVYOwi2fUC6xB43lueCjgxV4lffOCZCtYFiH6TNOX+tQKXx97T4IKHbhyHEQ=="
  "resolved" "https://registry.npmjs.org/@jridgewell/remapping/-/remapping-2.3.5.tgz"
  "version" "2.3.5"
  dependencies:
    "@jridgewell/gen-mapping" "^0.3.5"
    "@jridgewell/trace-mapping" "^0.3.24"

"@jridgewell/resolve-uri@^3.1.0":
  "integrity" "sha512-bRISgCIjP20/tbWSPWMEi54QVPRZExkuD9lJL+UIxUKtwVJA8wW1Trb1jMs1RFXo1CBTNZ/5hpC9QvmKWdopKw=="
  "resolved" "https://registry.npmjs.org/@jridgewell/resolve-uri/-/resolve-uri-3.1.2.tgz"
  "version" "3.1.2"

"@jridgewell/sourcemap-codec@^1.4.14", "@jridgewell/sourcemap-codec@^1.5.0", "@jridgewell/sourcemap-codec@^1.5.5":
  "integrity" "sha512-cYQ9310grqxueWbl+WuIUIaiUaDcj7WOq5fVhEljNVgRfOUhY9fy2zTvfoqWsnebh8Sl70VScFbICvJnLKB0Og=="
  "resolved" "https://registry.npmjs.org/@jridgewell/sourcemap-codec/-/sourcemap-codec-1.5.5.tgz"
  "version" "1.5.5"

"@jridgewell/trace-mapping@^0.3.24":
  "integrity" "sha512-zzNR+SdQSDJzc8joaeP8QQoCQr8NuYx2dIIytl1QeBEZHJ9uW6hebsrYgbz8hJwUQao3TWCMtmfV8Nu1twOLAw=="
  "resolved" "https://registry.npmjs.org/@jridgewell/trace-mapping/-/trace-mapping-0.3.31.tgz"
  "version" "0.3.31"
  dependencies:
    "@jridgewell/resolve-uri" "^3.1.0"
    "@jridgewell/sourcemap-codec" "^1.4.14"

"@next/env@15.5.11":
  "integrity" "sha512-g9s5SS9gC7GJCEOR3OV3zqs7C5VddqxP9X+/6BpMbdXRkqsWfFf2CJPBZNvNEtAkKTNuRgRXAgNxSAXzfLdaTg=="
  "resolved" "https://registry.npmjs.org/@next/env/-/env-15.5.11.tgz"
  "version" "15.5.11"

"@next/swc-linux-x64-gnu@15.5.7":
  "integrity" "sha512-hvXcZvCaaEbCZcVzcY7E1uXN9xWZfFvkNHwbe/n4OkRhFWrs1J1QV+4U1BN06tXLdaS4DazEGXwgqnu/VMcmqw=="
  "resolved" "https://registry.npmjs.org/@next/swc-linux-x64-gnu/-/swc-linux-x64-gnu-15.5.7.tgz"
  "version" "15.5.7"

"@next/swc-linux-x64-musl@15.5.7":
  "integrity" "sha512-4IUO539b8FmF0odY6/SqANJdgwn1xs1GkPO5doZugwZ3ETF6JUdckk7RGmsfSf7ws8Qb2YB5It33mvNL/0acqA=="
  "resolved" "https://registry.npmjs.org/@next/swc-linux-x64-musl/-/swc-linux-x64-musl-15.5.7.tgz"
  "version" "15.5.7"

"@swc/helpers@0.5.15":
  "integrity" "sha512-JQ5TuMi45Owi4/BIMAJBoSQoOJu12oOk/gADqlcUL9JEdHB8vyjUSsxqeNXnmXHjYKMi2WcYtezGEEhqUI/E2g=="
  "resolved" "https://registry.npmjs.org/@swc/helpers/-/helpers-0.5.15.tgz"
  "version" "0.5.15"
  dependencies:
    "tslib" "^2.8.0"

"@tailwindcss/node@4.1.18":
  "integrity" "sha512-DoR7U1P7iYhw16qJ49fgXUlry1t4CpXeErJHnQ44JgTSKMaZUdf17cfn5mHchfJ4KRBZRFA/Coo+MUF5+gOaCQ=="
  "resolved" "https://registry.npmjs.org/@tailwindcss/node/-/node-4.1.18.tgz"
  "version" "4.1.18"
  dependencies:
    "@jridgewell/remapping" "^2.3.4"
    "enhanced-resolve" "^5.18.3"
    "jiti" "^2.6.1"
    "lightningcss" "1.30.2"
    "magic-string" "^0.30.21"
    "source-map-js" "^1.2.1"
    "tailwindcss" "4.1.18"

"@tailwindcss/oxide-linux-x64-gnu@4.1.18":
  "integrity" "sha512-v3gyT0ivkfBLoZGF9LyHmts0Isc8jHZyVcbzio6Wpzifg/+5ZJpDiRiUhDLkcr7f/r38SWNe7ucxmGW3j3Kb/g=="
  "resolved" "https://registry.npmjs.org/@tailwindcss/oxide-linux-x64-gnu/-/oxide-linux-x64-gnu-4.1.18.tgz"
  "version" "4.1.18"

"@tailwindcss/oxide-linux-x64-musl@4.1.18":
  "integrity" "sha512-bhJ2y2OQNlcRwwgOAGMY0xTFStt4/wyU6pvI6LSuZpRgKQwxTec0/3Scu91O8ir7qCR3AuepQKLU/kX99FouqQ=="
  "resolved" "https://registry.npmjs.org/@tailwindcss/oxide-linux-x64-musl/-/oxide-linux-x64-musl-4.1.18.tgz"
  "version" "4.1.18"

"@tailwindcss/oxide@4.1.18":
  "integrity" "sha512-EgCR5tTS5bUSKQgzeMClT6iCY3ToqE1y+ZB0AKldj809QXk1Y+3jB0upOYZrn9aGIzPtUsP7sX4QQ4XtjBB95A=="
  "resolved" "https://registry.npmjs.org/@tailwindcss/oxide/-/oxide-4.1.18.tgz"
  "version" "4.1.18"
  optionalDependencies:
    "@tailwindcss/oxide-android-arm64" "4.1.18"
    "@tailwindcss/oxide-darwin-arm64" "4.1.18"
    "@tailwindcss/oxide-darwin-x64" "4.1.18"
    "@tailwindcss/oxide-freebsd-x64" "4.1.18"
    "@tailwindcss/oxide-linux-arm-gnueabihf" "4.1.18"
    "@tailwindcss/oxide-linux-arm64-gnu" "4.1.18"
    "@tailwindcss/oxide-linux-arm64-musl" "4.1.18"
    "@tailwindcss/oxide-linux-x64-gnu" "4.1.18"
    "@tailwindcss/oxide-linux-x64-musl" "4.1.18"
    "@tailwindcss/oxide-wasm32-wasi" "4.1.18"
    "@tailwindcss/oxide-win32-arm64-msvc" "4.1.18"
    "@tailwindcss/oxide-win32-x64-msvc" "4.1.18"

"@tailwindcss/postcss@^4":
  "integrity" "sha512-Ce0GFnzAOuPyfV5SxjXGn0CubwGcuDB0zcdaPuCSzAa/2vII24JTkH+I6jcbXLb1ctjZMZZI6OjDaLPJQL1S0g=="
  "resolved" "https://registry.npmjs.org/@tailwindcss/postcss/-/postcss-4.1.18.tgz"
  "version" "4.1.18"
  dependencies:
    "@alloc/quick-lru" "^5.2.0"
    "@tailwindcss/node" "4.1.18"
    "@tailwindcss/oxide" "4.1.18"
    "postcss" "^8.4.41"
    "tailwindcss" "4.1.18"

"@tailwindcss/typography@^0.5.19":
  "integrity" "sha512-w31dd8HOx3k9vPtcQh5QHP9GwKcgbMp87j58qi6xgiBnFFtKEAgCWnDw4qUT8aHwkCp8bKvb/KGKWWHedP0AAg=="
  "resolved" "https://registry.npmjs.org/@tailwindcss/typography/-/typography-0.5.19.tgz"
  "version" "0.5.19"
  dependencies:
    "postcss-selector-parser" "6.0.10"

"@types/geojson@*":
  "integrity" "sha512-6C8nqWur3j98U6+lXDfTUWIfgvZU+EumvpHKcYjujKH7woYyLj2sUmff0tRhrqM7BohUw7Pz3ZB1jj2gW9Fvmg=="
  "resolved" "https://registry.npmjs.org/@types/geojson/-/geojson-7946.0.16.tgz"
  "version" "7946.0.16"

"@types/google.maps@^3.58.1":
  "integrity" "sha512-X9QTSvGJ0nCfMzYOnaVs/k6/4L+7F5uCS+4iUmkLEls6J9S/Phv+m/i3mDeyc49ZBgwab3EFO1HEoBY7k98EGQ=="
  "resolved" "https://registry.npmjs.org/@types/google.maps/-/google.maps-3.58.1.tgz"
  "version" "3.58.1"

"@types/leaflet@^1.9.21":
  "integrity" "sha512-TbAd9DaPGSnzp6QvtYngntMZgcRk+igFELwR2N99XZn7RXUdKgsXMR+28bUO0rPsWp8MIu/f47luLIQuSLYv/w=="
  "resolved" "https://registry.npmjs.org/@types/leaflet/-/leaflet-1.9.21.tgz"
  "version" "1.9.21"
  dependencies:
    "@types/geojson" "*"

"@types/node@^20":
  "integrity" "sha512-5jsi0wpncvTD33Sh1UCgacK37FFwDn+EG7wCmEvs62fCvBL+n8/76cAYDok21NF6+jaVWIqKwCZyX7Vbu8eB3A=="
  "resolved" "https://registry.npmjs.org/@types/node/-/node-20.19.31.tgz"
  "version" "20.19.31"
  dependencies:
    "undici-types" "~6.21.0"

"@types/react-dom@^19":
  "integrity" "sha512-jp2L/eY6fn+KgVVQAOqYItbF0VY/YApe5Mz2F0aykSO8gx31bYCZyvSeYxCHKvzHG5eZjc+zyaS5BrBWya2+kQ=="
  "resolved" "https://registry.npmjs.org/@types/react-dom/-/react-dom-19.2.3.tgz"
  "version" "19.2.3"

"@types/react-google-recaptcha@^2.1.9":
  "integrity" "sha512-nT31LrBDuoSZJN4QuwtQSF3O89FVHC4jLhM+NtKEmVF5R1e8OY0Jo4//x2Yapn2aNHguwgX5doAq8Zo+Ehd0ug=="
  "resolved" "https://registry.npmjs.org/@types/react-google-recaptcha/-/react-google-recaptcha-2.1.9.tgz"
  "version" "2.1.9"
  dependencies:
    "@types/react" "*"

"@types/react@*", "@types/react@^19", "@types/react@^19.2.0":
  "integrity" "sha512-MWtvHrGZLFttgeEj28VXHxpmwYbor/ATPYbBfSFZEIRK0ecCFLl2Qo55z52Hss+UV9CRN7trSeq1zbgx7YDWWg=="
  "resolved" "https://registry.npmjs.org/@types/react/-/react-19.2.7.tgz"
  "version" "19.2.7"
  dependencies:
    "csstype" "^3.2.2"

"asynckit@^0.4.0":
  "integrity" "sha512-Oei9OH4tRh0YqU3GxhX79dM/mwVgvbZJaSNaRk+bshkj0S5cfHcgYakreBjrHwatXKbz+IoIdYLxrKim2MjW0Q=="
  "resolved" "https://registry.npmjs.org/asynckit/-/asynckit-0.4.0.tgz"
  "version" "0.4.0"

"axios@^1.13.2":
  "integrity" "sha512-VPk9ebNqPcy5lRGuSlKx752IlDatOjT9paPlm8A7yOuW2Fbvp4X3JznJtT4f0GzGLLiWE9W8onz51SqLYwzGaA=="
  "resolved" "https://registry.npmjs.org/axios/-/axios-1.13.2.tgz"
  "version" "1.13.2"
  dependencies:
    "follow-redirects" "^1.15.6"
    "form-data" "^4.0.4"
    "proxy-from-env" "^1.1.0"

"call-bind-apply-helpers@^1.0.1", "call-bind-apply-helpers@^1.0.2":
  "integrity" "sha512-Sp1ablJ0ivDkSzjcaJdxEunN5/XvksFJ2sMBFfq6x0ryhQV/2b/KwFe21cMpmHtPOSij8K99/wSfoEuTObmuMQ=="
  "resolved" "https://registry.npmjs.org/call-bind-apply-helpers/-/call-bind-apply-helpers-1.0.2.tgz"
  "version" "1.0.2"
  dependencies:
    "es-errors" "^1.3.0"
    "function-bind" "^1.1.2"

"caniuse-lite@^1.0.30001579":
  "integrity" "sha512-PxZwGNvH7Ak8WX5iXzoK1KPZttBXNPuaOvI2ZYU7NrlM+d9Ov+TUvlLOBNGzVXAntMSMMlJPd+jY6ovrVjSmUw=="
  "resolved" "https://registry.npmjs.org/caniuse-lite/-/caniuse-lite-1.0.30001762.tgz"
  "version" "1.0.30001762"

"client-only@0.0.1":
  "integrity" "sha512-IV3Ou0jSMzZrd3pZ48nLkT9DA7Ag1pnPzaiQhpW7c3RbcqqzvzzVu+L8gfqMp/8IM2MQtSiqaCxrrcfu8I8rMA=="
  "resolved" "https://registry.npmjs.org/client-only/-/client-only-0.0.1.tgz"
  "version" "0.0.1"

"combined-stream@^1.0.8":
  "integrity" "sha512-FQN4MRfuJeHf7cBbBMJFXhKSDq+2kAArBlmRBvcvFE5BB1HZKXtSFASDhdlz9zOYwxh8lDdnvmMOe/+5cdoEdg=="
  "resolved" "https://registry.npmjs.org/combined-stream/-/combined-stream-1.0.8.tgz"
  "version" "1.0.8"
  dependencies:
    "delayed-stream" "~1.0.0"

"cssesc@^3.0.0":
  "integrity" "sha512-/Tb/JcjK111nNScGob5MNtsntNM1aCNUDipB/TkwZFhyDrrE47SOx/18wF2bbjgc3ZzCSKW1T5nt5EbFoAz/Vg=="
  "resolved" "https://registry.npmjs.org/cssesc/-/cssesc-3.0.0.tgz"
  "version" "3.0.0"

"csstype@^3.2.2":
  "integrity" "sha512-z1HGKcYy2xA8AGQfwrn0PAy+PB7X/GSj3UVJW9qKyn43xWa+gl5nXmU4qqLMRzWVLFC8KusUX8T/0kCiOYpAIQ=="
  "resolved" "https://registry.npmjs.org/csstype/-/csstype-3.2.3.tgz"
  "version" "3.2.3"

"delayed-stream@~1.0.0":
  "integrity" "sha512-ZySD7Nf91aLB0RxL4KGrKHBXl7Eds1DAmEdcoVawXnLD7SDhpNgtuII2aAkg7a7QS41jxPSZ17p4VdGnMHk3MQ=="
  "resolved" "https://registry.npmjs.org/delayed-stream/-/delayed-stream-1.0.0.tgz"
  "version" "1.0.0"

"detect-libc@^2.0.3":
  "integrity" "sha512-Btj2BOOO83o3WyH59e8MgXsxEQVcarkUOpEYrubB0urwnN10yQ364rsiByU11nZlqWYZm05i/of7io4mzihBtQ=="
  "resolved" "https://registry.npmjs.org/detect-libc/-/detect-libc-2.1.2.tgz"
  "version" "2.1.2"

"dunder-proto@^1.0.1":
  "integrity" "sha512-KIN/nDJBQRcXw0MLVhZE9iQHmG68qAVIBg9CqmUYjmQIhgij9U5MFvrqkUL5FbtyyzZuOeOt0zdeRe4UY7ct+A=="
  "resolved" "https://registry.npmjs.org/dunder-proto/-/dunder-proto-1.0.1.tgz"
  "version" "1.0.1"
  dependencies:
    "call-bind-apply-helpers" "^1.0.1"
    "es-errors" "^1.3.0"
    "gopd" "^1.2.0"

"enhanced-resolve@^5.18.3":
  "integrity" "sha512-LgQMM4WXU3QI+SYgEc2liRgznaD5ojbmY3sb8LxyguVkIg5FxdpTkvk72te2R38/TGKxH634oLxXRGY6d7AP+Q=="
  "resolved" "https://registry.npmjs.org/enhanced-resolve/-/enhanced-resolve-5.18.4.tgz"
  "version" "5.18.4"
  dependencies:
    "graceful-fs" "^4.2.4"
    "tapable" "^2.2.0"

"es-define-property@^1.0.1":
  "integrity" "sha512-e3nRfgfUZ4rNGL232gUgX06QNyyez04KdjFrF+LTRoOXmrOgFKDg4BCdsjW8EnT69eqdYGmRpJwiPVYNrCaW3g=="
  "resolved" "https://registry.npmjs.org/es-define-property/-/es-define-property-1.0.1.tgz"
  "version" "1.0.1"

"es-errors@^1.3.0":
  "integrity" "sha512-Zf5H2Kxt2xjTvbJvP2ZWLEICxA6j+hAmMzIlypy4xcBg1vKVnx89Wy0GbS+kf5cwCVFFzdCFh2XSCFNULS6csw=="
  "resolved" "https://registry.npmjs.org/es-errors/-/es-errors-1.3.0.tgz"
  "version" "1.3.0"

"es-object-atoms@^1.0.0", "es-object-atoms@^1.1.1":
  "integrity" "sha512-FGgH2h8zKNim9ljj7dankFPcICIK9Cp5bm+c2gQSYePhpaG5+esrLODihIorn+Pe6FGJzWhXQotPv73jTaldXA=="
  "resolved" "https://registry.npmjs.org/es-object-atoms/-/es-object-atoms-1.1.1.tgz"
  "version" "1.1.1"
  dependencies:
    "es-errors" "^1.3.0"

"es-set-tostringtag@^2.1.0":
  "integrity" "sha512-j6vWzfrGVfyXxge+O0x5sh6cvxAog0a/4Rdd2K36zCMV5eJ+/+tOAngRO8cODMNWbVRdVlmGZQL2YS3yR8bIUA=="
  "resolved" "https://registry.npmjs.org/es-set-tostringtag/-/es-set-tostringtag-2.1.0.tgz"
  "version" "2.1.0"
  dependencies:
    "es-errors" "^1.3.0"
    "get-intrinsic" "^1.2.6"
    "has-tostringtag" "^1.0.2"
    "hasown" "^2.0.2"

"follow-redirects@^1.15.6":
  "integrity" "sha512-deG2P0JfjrTxl50XGCDyfI97ZGVCxIpfKYmfyrQ54n5FO/0gfIES8C/Psl6kWVDolizcaaxZJnTS0QSMxvnsBQ=="
  "resolved" "https://registry.npmjs.org/follow-redirects/-/follow-redirects-1.15.11.tgz"
  "version" "1.15.11"

"form-data@^4.0.4":
  "integrity" "sha512-8RipRLol37bNs2bhoV67fiTEvdTrbMUYcFTiy3+wuuOnUog2QBHCZWXDRijWQfAkhBj2Uf5UnVaiWwA5vdd82w=="
  "resolved" "https://registry.npmjs.org/form-data/-/form-data-4.0.5.tgz"
  "version" "4.0.5"
  dependencies:
    "asynckit" "^0.4.0"
    "combined-stream" "^1.0.8"
    "es-set-tostringtag" "^2.1.0"
    "hasown" "^2.0.2"
    "mime-types" "^2.1.12"

"function-bind@^1.1.2":
  "integrity" "sha512-7XHNxH7qX9xG5mIwxkhumTox/MIRNcOgDrxWsMt2pAr23WHp6MrRlN7FBSFpCpr+oVO0F744iUgR82nJMfG2SA=="
  "resolved" "https://registry.npmjs.org/function-bind/-/function-bind-1.1.2.tgz"
  "version" "1.1.2"

"get-intrinsic@^1.2.6":
  "integrity" "sha512-9fSjSaos/fRIVIp+xSJlE6lfwhES7LNtKaCBIamHsjr2na1BiABJPo0mOjjz8GJDURarmCPGqaiVg5mfjb98CQ=="
  "resolved" "https://registry.npmjs.org/get-intrinsic/-/get-intrinsic-1.3.0.tgz"
  "version" "1.3.0"
  dependencies:
    "call-bind-apply-helpers" "^1.0.2"
    "es-define-property" "^1.0.1"
    "es-errors" "^1.3.0"
    "es-object-atoms" "^1.1.1"
    "function-bind" "^1.1.2"
    "get-proto" "^1.0.1"
    "gopd" "^1.2.0"
    "has-symbols" "^1.1.0"
    "hasown" "^2.0.2"
    "math-intrinsics" "^1.1.0"

"get-proto@^1.0.1":
  "integrity" "sha512-sTSfBjoXBp89JvIKIefqw7U2CCebsc74kiY6awiGogKtoSGbgjYE/G/+l9sF3MWFPNc9IcoOC4ODfKHfxFmp0g=="
  "resolved" "https://registry.npmjs.org/get-proto/-/get-proto-1.0.1.tgz"
  "version" "1.0.1"
  dependencies:
    "dunder-proto" "^1.0.1"
    "es-object-atoms" "^1.0.0"

"gopd@^1.2.0":
  "integrity" "sha512-ZUKRh6/kUFoAiTAtTYPZJ3hw9wNxx+BIBOijnlG9PnrJsCcSjs1wyyD6vJpaYtgnzDrKYRSqf3OO6Rfa93xsRg=="
  "resolved" "https://registry.npmjs.org/gopd/-/gopd-1.2.0.tgz"
  "version" "1.2.0"

"graceful-fs@^4.2.4":
  "integrity" "sha512-RbJ5/jmFcNNCcDV5o9eTnBLJ/HszWV0P73bc+Ff4nS/rJj+YaS6IGyiOL0VoBYX+l1Wrl3k63h/KrH+nhJ0XvQ=="
  "resolved" "https://registry.npmjs.org/graceful-fs/-/graceful-fs-4.2.11.tgz"
  "version" "4.2.11"

"has-symbols@^1.0.3", "has-symbols@^1.1.0":
  "integrity" "sha512-1cDNdwJ2Jaohmb3sg4OmKaMBwuC48sYni5HUw2DvsC8LjGTLK9h+eb1X6RyuOHe4hT0ULCW68iomhjUoKUqlPQ=="
  "resolved" "https://registry.npmjs.org/has-symbols/-/has-symbols-1.1.0.tgz"
  "version" "1.1.0"

"has-tostringtag@^1.0.2":
  "integrity" "sha512-NqADB8VjPFLM2V0VvHUewwwsw0ZWBaIdgo+ieHtK3hasLz4qeCRjYcqfB6AQrBggRKppKF8L52/VqdVsO47Dlw=="
  "resolved" "https://registry.npmjs.org/has-tostringtag/-/has-tostringtag-1.0.2.tgz"
  "version" "1.0.2"
  dependencies:
    "has-symbols" "^1.0.3"

"hasown@^2.0.2":
  "integrity" "sha512-0hJU9SCPvmMzIBdZFqNPXWa6dqh7WdH0cII9y+CyS8rG3nL48Bclra9HmKhVVUHyPWNH5Y7xDwAB7bfgSjkUMQ=="
  "resolved" "https://registry.npmjs.org/hasown/-/hasown-2.0.2.tgz"
  "version" "2.0.2"
  dependencies:
    "function-bind" "^1.1.2"

"hoist-non-react-statics@^3.3.0":
  "integrity" "sha512-/gGivxi8JPKWNm/W0jSmzcMPpfpPLc3dY/6GxhX2hQ9iGj3aDfklV4ET7NjKpSinLpJ5vafa9iiGIEZg10SfBw=="
  "resolved" "https://registry.npmjs.org/hoist-non-react-statics/-/hoist-non-react-statics-3.3.2.tgz"
  "version" "3.3.2"
  dependencies:
    "react-is" "^16.7.0"

"jiti@^2.6.1":
  "integrity" "sha512-ekilCSN1jwRvIbgeg/57YFh8qQDNbwDb9xT/qu2DAHbFFZUicIl4ygVaAvzveMhMVr3LnpSKTNnwt8PoOfmKhQ=="
  "resolved" "https://registry.npmjs.org/jiti/-/jiti-2.6.1.tgz"
  "version" "2.6.1"

"js-tokens@^3.0.0 || ^4.0.0":
  "integrity" "sha512-RdJUflcE3cUzKiMqQgsCu06FPu9UdIJO0beYbPhHN4k6apgJtifcoCtT9bcxOpYBtpD2kCM6Sbzg4CausW/PKQ=="
  "resolved" "https://registry.npmjs.org/js-tokens/-/js-tokens-4.0.0.tgz"
  "version" "4.0.0"

"leaflet@^1.9.4":
  "integrity" "sha512-nxS1ynzJOmOlHp+iL3FyWqK89GtNL8U8rvlMOsQdTTssxZwCXh8N2NB3GDQOL+YR3XnWyZAxwQixURb+FA74PA=="
  "resolved" "https://registry.npmjs.org/leaflet/-/leaflet-1.9.4.tgz"
  "version" "1.9.4"

"lightningcss-linux-x64-gnu@1.30.2":
  "integrity" "sha512-Cfd46gdmj1vQ+lR6VRTTadNHu6ALuw2pKR9lYq4FnhvgBc4zWY1EtZcAc6EffShbb1MFrIPfLDXD6Xprbnni4w=="
  "resolved" "https://registry.npmjs.org/lightningcss-linux-x64-gnu/-/lightningcss-linux-x64-gnu-1.30.2.tgz"
  "version" "1.30.2"

"lightningcss-linux-x64-musl@1.30.2":
  "integrity" "sha512-XJaLUUFXb6/QG2lGIW6aIk6jKdtjtcffUT0NKvIqhSBY3hh9Ch+1LCeH80dR9q9LBjG3ewbDjnumefsLsP6aiA=="
  "resolved" "https://registry.npmjs.org/lightningcss-linux-x64-musl/-/lightningcss-linux-x64-musl-1.30.2.tgz"
  "version" "1.30.2"

"lightningcss@1.30.2":
  "integrity" "sha512-utfs7Pr5uJyyvDETitgsaqSyjCb2qNRAtuqUeWIAKztsOYdcACf2KtARYXg2pSvhkt+9NfoaNY7fxjl6nuMjIQ=="
  "resolved" "https://registry.npmjs.org/lightningcss/-/lightningcss-1.30.2.tgz"
  "version" "1.30.2"
  dependencies:
    "detect-libc" "^2.0.3"
  optionalDependencies:
    "lightningcss-android-arm64" "1.30.2"
    "lightningcss-darwin-arm64" "1.30.2"
    "lightningcss-darwin-x64" "1.30.2"
    "lightningcss-freebsd-x64" "1.30.2"
    "lightningcss-linux-arm-gnueabihf" "1.30.2"
    "lightningcss-linux-arm64-gnu" "1.30.2"
    "lightningcss-linux-arm64-musl" "1.30.2"
    "lightningcss-linux-x64-gnu" "1.30.2"
    "lightningcss-linux-x64-musl" "1.30.2"
    "lightningcss-win32-arm64-msvc" "1.30.2"
    "lightningcss-win32-x64-msvc" "1.30.2"

"loose-envify@^1.4.0":
  "integrity" "sha512-lyuxPGr/Wfhrlem2CL/UcnUc1zcqKAImBDzukY7Y5F/yQiNdko6+fRLevlw1HgMySw7f611UIY408EtxRSoK3Q=="
  "resolved" "https://registry.npmjs.org/loose-envify/-/loose-envify-1.4.0.tgz"
  "version" "1.4.0"
  dependencies:
    "js-tokens" "^3.0.0 || ^4.0.0"

"magic-string@^0.30.21":
  "integrity" "sha512-vd2F4YUyEXKGcLHoq+TEyCjxueSeHnFxyyjNp80yg0XV4vUhnDer/lvvlqM/arB5bXQN5K2/3oinyCRyx8T2CQ=="
  "resolved" "https://registry.npmjs.org/magic-string/-/magic-string-0.30.21.tgz"
  "version" "0.30.21"
  dependencies:
    "@jridgewell/sourcemap-codec" "^1.5.5"

"math-intrinsics@^1.1.0":
  "integrity" "sha512-/IXtbwEk5HTPyEwyKX6hGkYXxM9nbj64B+ilVJnC/R6B0pH5G4V3b0pVbL7DBj4tkhBAppbQUlf6F6Xl9LHu1g=="
  "resolved" "https://registry.npmjs.org/math-intrinsics/-/math-intrinsics-1.1.0.tgz"
  "version" "1.1.0"

"mime-db@1.52.0":
  "integrity" "sha512-sPU4uV7dYlvtWJxwwxHD0PuihVNiE7TyAbQ5SWxDCB9mUYvOgroQOwYQQOKPJ8CIbE+1ETVlOoK1UC2nU3gYvg=="
  "resolved" "https://registry.npmjs.org/mime-db/-/mime-db-1.52.0.tgz"
  "version" "1.52.0"

"mime-types@^2.1.12":
  "integrity" "sha512-ZDY+bPm5zTTF+YpCrAU9nK0UgICYPT0QtT1NZWFv4s++TNkcgVaT0g6+4R2uI4MjQjzysHB1zxuWL50hzaeXiw=="
  "resolved" "https://registry.npmjs.org/mime-types/-/mime-types-2.1.35.tgz"
  "version" "2.1.35"
  dependencies:
    "mime-db" "1.52.0"

"nanoid@^3.3.11", "nanoid@^3.3.6":
  "integrity" "sha512-N8SpfPUnUp1bK+PMYW8qSWdl9U+wwNWI4QKxOYDy9JAro3WMX7p2OeVRF9v+347pnakNevPmiHhNmZ2HbFA76w=="
  "resolved" "https://registry.npmjs.org/nanoid/-/nanoid-3.3.11.tgz"
  "version" "3.3.11"

"next@15.5.11":
  "integrity" "sha512-L2KPiKmqTDpRdeVDdPjhf43g2/VPe0NCNndq7OKDCgOLWtxe1kbr/zXGIZtYY7kZEAjRf7Bj/mwUFSr+tYC2Yg=="
  "resolved" "https://registry.npmjs.org/next/-/next-15.5.11.tgz"
  "version" "15.5.11"
  dependencies:
    "@next/env" "15.5.11"
    "@swc/helpers" "0.5.15"
    "caniuse-lite" "^1.0.30001579"
    "postcss" "8.4.31"
    "styled-jsx" "5.1.6"
  optionalDependencies:
    "@next/swc-darwin-arm64" "15.5.7"
    "@next/swc-darwin-x64" "15.5.7"
    "@next/swc-linux-arm64-gnu" "15.5.7"
    "@next/swc-linux-arm64-musl" "15.5.7"
    "@next/swc-linux-x64-gnu" "15.5.7"
    "@next/swc-linux-x64-musl" "15.5.7"
    "@next/swc-win32-arm64-msvc" "15.5.7"
    "@next/swc-win32-x64-msvc" "15.5.7"
    "sharp" "^0.34.3"

"object-assign@^4.1.1":
  "integrity" "sha512-rJgTQnkUnH1sFw8yT6VSU3zD3sWmu6sZhIseY8VX+GRu3P6F7Fu+JNDoXfklElbLJSnc3FUQHVe4cU5hj+BcUg=="
  "resolved" "https://registry.npmjs.org/object-assign/-/object-assign-4.1.1.tgz"
  "version" "4.1.1"

"picocolors@^1.0.0", "picocolors@^1.1.1":
  "integrity" "sha512-xceH2snhtb5M9liqDsmEw56le376mTZkEX/jEb/RxNFyegNul7eNslCXP9FDj/Lcu0X8KEyMceP2ntpaHrDEVA=="
  "resolved" "https://registry.npmjs.org/picocolors/-/picocolors-1.1.1.tgz"
  "version" "1.1.1"

"postcss-selector-parser@6.0.10":
  "integrity" "sha512-IQ7TZdoaqbT+LCpShg46jnZVlhWD2w6iQYAcYXfHARZ7X1t/UGhhceQDs5X0cGqKvYlHNOuv7Oa1xmb0oQuA3w=="
  "resolved" "https://registry.npmjs.org/postcss-selector-parser/-/postcss-selector-parser-6.0.10.tgz"
  "version" "6.0.10"
  dependencies:
    "cssesc" "^3.0.0"
    "util-deprecate" "^1.0.2"

"postcss@^8.4.41":
  "integrity" "sha512-3Ybi1tAuwAP9s0r1UQ2J4n5Y0G05bJkpUIO0/bI9MhwmD70S5aTWbXGBwxHrelT+XM1k6dM0pk+SwNkpTRN7Pg=="
  "resolved" "https://registry.npmjs.org/postcss/-/postcss-8.5.6.tgz"
  "version" "8.5.6"
  dependencies:
    "nanoid" "^3.3.11"
    "picocolors" "^1.1.1"
    "source-map-js" "^1.2.1"

"postcss@8.4.31":
  "integrity" "sha512-PS08Iboia9mts/2ygV3eLpY5ghnUcfLV/EXTOW1E2qYxJKGGBUtNjN76FYHnMs36RmARn41bC0AZmn+rR0OVpQ=="
  "resolved" "https://registry.npmjs.org/postcss/-/postcss-8.4.31.tgz"
  "version" "8.4.31"
  dependencies:
    "nanoid" "^3.3.6"
    "picocolors" "^1.0.0"
    "source-map-js" "^1.0.2"

"prop-types@^15.5.0":
  "integrity" "sha512-oj87CgZICdulUohogVAR7AjlC0327U4el4L6eAvOqCeudMDVU0NThNaV+b9Df4dXgSP1gXMTnPdhfe/2qDH5cg=="
  "resolved" "https://registry.npmjs.org/prop-types/-/prop-types-15.8.1.tgz"
  "version" "15.8.1"
  dependencies:
    "loose-envify" "^1.4.0"
    "object-assign" "^4.1.1"
    "react-is" "^16.13.1"

"proxy-from-env@^1.1.0":
  "integrity" "sha512-D+zkORCbA9f1tdWRK0RaCR3GPv50cMxcrz4X8k5LTSUD1Dkw47mKJEZQNunItRTkWwgtaUSo1RVFRIG9ZXiFYg=="
  "resolved" "https://registry.npmjs.org/proxy-from-env/-/proxy-from-env-1.1.0.tgz"
  "version" "1.1.0"

"react-async-script@^1.2.0":
  "integrity" "sha512-bCpkbm9JiAuMGhkqoAiC0lLkb40DJ0HOEJIku+9JDjxX3Rcs+ztEOG13wbrOskt3n2DTrjshhaQ/iay+SnGg5Q=="
  "resolved" "https://registry.npmjs.org/react-async-script/-/react-async-script-1.2.0.tgz"
  "version" "1.2.0"
  dependencies:
    "hoist-non-react-statics" "^3.3.0"
    "prop-types" "^15.5.0"

"react-dom@^18.2.0 || 19.0.0-rc-de68d2f4-20241204 || ^19.0.0", "react-dom@19.2.3":
  "integrity" "sha512-yELu4WmLPw5Mr/lmeEpox5rw3RETacE++JgHqQzd2dg+YbJuat3jH4ingc+WPZhxaoFzdv9y33G+F7Nl5O0GBg=="
  "resolved" "https://registry.npmjs.org/react-dom/-/react-dom-19.2.3.tgz"
  "version" "19.2.3"
  dependencies:
    "scheduler" "^0.27.0"

"react-google-recaptcha@^3.1.0":
  "integrity" "sha512-cYW2/DWas8nEKZGD7SCu9BSuVz8iOcOLHChHyi7upUuVhkpkhYG/6N3KDiTQ3XAiZ2UAZkfvYKMfAHOzBOcGEg=="
  "resolved" "https://registry.npmjs.org/react-google-recaptcha/-/react-google-recaptcha-3.1.0.tgz"
  "version" "3.1.0"
  dependencies:
    "prop-types" "^15.5.0"
    "react-async-script" "^1.2.0"

"react-is@^16.13.1", "react-is@^16.7.0":
  "integrity" "sha512-24e6ynE2H+OKt4kqsOvNd8kBpV65zoxbA4BVsEOB3ARVWQki/DHzaUoC5KuON/BiccDaCCTZBuOcfZs70kR8bQ=="
  "resolved" "https://registry.npmjs.org/react-is/-/react-is-16.13.1.tgz"
  "version" "16.13.1"

"react@^18.2.0 || 19.0.0-rc-de68d2f4-20241204 || ^19.0.0", "react@^19.2.3", "react@>= 16.8.0 || 17.x.x || ^18.0.0-0 || ^19.0.0-0", "react@>=16.4.1", "react@19.2.3":
  "integrity" "sha512-Ku/hhYbVjOQnXDZFv2+RibmLFGwFdeeKHFcOTlrt7xplBnya5OGn/hIRDsqDiSUcfORsDC7MPxwork8jBwsIWA=="
  "resolved" "https://registry.npmjs.org/react/-/react-19.2.3.tgz"
  "version" "19.2.3"

"scheduler@^0.27.0":
  "integrity" "sha512-eNv+WrVbKu1f3vbYJT/xtiF5syA5HPIMtf9IgY/nKg0sWqzAUEvqY/xm7OcZc/qafLx/iO9FgOmeSAp4v5ti/Q=="
  "resolved" "https://registry.npmjs.org/scheduler/-/scheduler-0.27.0.tgz"
  "version" "0.27.0"

"source-map-js@^1.0.2", "source-map-js@^1.2.1":
  "integrity" "sha512-UXWMKhLOwVKb728IUtQPXxfYU+usdybtUrK/8uGE8CQMvrhOpwvzDBwj0QhSL7MQc7vIsISBG8VQ8+IDQxpfQA=="
  "resolved" "https://registry.npmjs.org/source-map-js/-/source-map-js-1.2.1.tgz"
  "version" "1.2.1"

"styled-jsx@5.1.6":
  "integrity" "sha512-qSVyDTeMotdvQYoHWLNGwRFJHC+i+ZvdBRYosOFgC+Wg1vx4frN2/RG/NA7SYqqvKNLf39P2LSRA2pu6n0XYZA=="
  "resolved" "https://registry.npmjs.org/styled-jsx/-/styled-jsx-5.1.6.tgz"
  "version" "5.1.6"
  dependencies:
    "client-only" "0.0.1"

"swiper@^12.0.3":
  "integrity" "sha512-BHd6U1VPEIksrXlyXjMmRWO0onmdNPaTAFduzqR3pgjvi7KfmUCAm/0cj49u2D7B0zNjMw02TSeXfinC1hDCXg=="
  "resolved" "https://registry.npmjs.org/swiper/-/swiper-12.0.3.tgz"
  "version" "12.0.3"

"tailwindcss@^4", "tailwindcss@>=3.0.0 || insiders || >=4.0.0-alpha.20 || >=4.0.0-beta.1", "tailwindcss@4.1.18":
  "integrity" "sha512-4+Z+0yiYyEtUVCScyfHCxOYP06L5Ne+JiHhY2IjR2KWMIWhJOYZKLSGZaP5HkZ8+bY0cxfzwDE5uOmzFXyIwxw=="
  "resolved" "https://registry.npmjs.org/tailwindcss/-/tailwindcss-4.1.18.tgz"
  "version" "4.1.18"

"tapable@^2.2.0":
  "integrity" "sha512-g9ljZiwki/LfxmQADO3dEY1CbpmXT5Hm2fJ+QaGKwSXUylMybePR7/67YW7jOrrvjEgL1Fmz5kzyAjWVWLlucg=="
  "resolved" "https://registry.npmjs.org/tapable/-/tapable-2.3.0.tgz"
  "version" "2.3.0"

"tslib@^2.4.0", "tslib@^2.8.0":
  "integrity" "sha512-oJFu94HQb+KVduSUQL7wnpmqnfmLsOA/nAh6b6EH0wCEoK0/mPeXU6c3wKDV83MkOuHPRHtSXKKU99IBazS/2w=="
  "resolved" "https://registry.npmjs.org/tslib/-/tslib-2.8.1.tgz"
  "version" "2.8.1"

"typescript@^5":
  "integrity" "sha512-jl1vZzPDinLr9eUt3J/t7V6FgNEw9QjvBPdysz9KfQDD41fQrC2Y4vKQdiaUpFT4bXlb1RHhLpp8wtm6M5TgSw=="
  "resolved" "https://registry.npmjs.org/typescript/-/typescript-5.9.3.tgz"
  "version" "5.9.3"

"undici-types@~6.21.0":
  "integrity" "sha512-iwDZqg0QAGrg9Rav5H4n0M64c3mkR59cJ6wQp+7C4nI0gsmExaedaYLNO44eT4AtBBwjbTiGPMlt2Md0T9H9JQ=="
  "resolved" "https://registry.npmjs.org/undici-types/-/undici-types-6.21.0.tgz"
  "version" "6.21.0"

"util-deprecate@^1.0.2":
  "integrity" "sha512-EPD5q1uXyFxJpCrLnCc1nHnq3gOa6DZBocAIiI2TaSCA7VCJ1UJDMagCzIkXNsUYfD1daK//LTEQ8xiIbrHtcw=="
  "resolved" "https://registry.npmjs.org/util-deprecate/-/util-deprecate-1.0.2.tgz"
  "version" "1.0.2"
